
Microsoft Visual Studio Solution File, Format Version 12.00
# Visual Studio 15
VisualStudioVersion = 15.0.26403.7
MinimumVisualStudioVersion = 10.0.40219.1
Project("{FAE04EC0-301F-11D3-BF4B-00C04F79EFBC}") = "EFCodeFirst", "EFCodeFirst\EFCodeFirst.csproj", "{5AAB6B96-CEBD-490E-B8B2-D4F4AE481F52}"
EndProject
Project("{FAE04EC0-301F-11D3-BF4B-00C04F79EFBC}") = "Contoso.Models", "C:\Users\xie_x\Documents\visual studio 2017\Projects\ADONETGIT\ADONET\Contoso.Models\Contoso.Models.csproj", "{94D4E45D-09BA-446B-BBCA-EB5D10BE402A}"
EndProject
Global
	GlobalSection(SolutionConfigurationPlatforms) = preSolution
		Debug|Any CPU = Debug|Any CPU
		Release|Any CPU = Release|Any CPU
	EndGlobalSection
	GlobalSection(ProjectConfigurationPlatforms) = postSolution
		{5AAB6B96-CEBD-490E-B8B2-D4F4AE481F52}.Debug|Any CPU.ActiveCfg = Debug|Any CPU
		{5AAB6B96-CEBD-490E-B8B2-D4F4AE481F52}.Debug|Any CPU.Build.0 = Debug|Any CPU
		{5AAB6B96-CEBD-490E-B8B2-D4F4AE481F52}.Release|Any CPU.ActiveCfg = Release|Any CPU
		{5AAB6B96-CEBD-490E-B8B2-D4F4AE481F52}.Release|Any CPU.Build.0 = Release|Any CPU
		{94D4E45D-09BA-446B-BBCA-EB5D10BE402A}.Debug|Any CPU.ActiveCfg = Debug|Any CPU
		{94D4E45D-09BA-446B-BBCA-EB5D10BE402A}.Debug|Any CPU.Build.0 = Debug|Any CPU
		{94D4E45D-09BA-446B-BBCA-EB5D10BE402A}.Release|Any CPU.ActiveCfg = Release|Any CPU
		{94D4E45D-09BA-446B-BBCA-EB5D10BE402A}.Release|Any CPU.Build.0 = Release|Any CPU
	EndGlobalSection
	GlobalSection(SolutionProperties) = preSolution
		HideSolutionNode = FALSE
	EndGlobalSection
EndGlobal
